
Microsoft Visual Studio Solution File, Format Version 12.00
# Visual Studio Version 16
VisualStudioVersion = 16.0.33423.256
MinimumVisualStudioVersion = 10.0.40219.1
Project("{FAE04EC0-301F-11D3-BF4B-00C04F79EFBC}") = "Week2Testing", "Week2Testing\Week2Testing.csproj", "{7D2E1306-820B-4764-A219-DB66EB7BB4ED}"
EndProject
Global
	GlobalSection(SolutionConfigurationPlatforms) = preSolution
		Debug|Any CPU = Debug|Any CPU
		Release|Any CPU = Release|Any CPU
	EndGlobalSection
	GlobalSection(ProjectConfigurationPlatforms) = postSolution
		{7D2E1306-820B-4764-A219-DB66EB7BB4ED}.Debug|Any CPU.ActiveCfg = Debug|Any CPU
		{7D2E1306-820B-4764-A219-DB66EB7BB4ED}.Debug|Any CPU.Build.0 = Debug|Any CPU
		{7D2E1306-820B-4764-A219-DB66EB7BB4ED}.Release|Any CPU.ActiveCfg = Release|Any CPU
		{7D2E1306-820B-4764-A219-DB66EB7BB4ED}.Release|Any CPU.Build.0 = Release|Any CPU
	EndGlobalSection
	GlobalSection(SolutionProperties) = preSolution
		HideSolutionNode = FALSE
	EndGlobalSection
	GlobalSection(ExtensibilityGlobals) = postSolution
		SolutionGuid = {671E71BE-1CF4-4BCD-A978-1EF07CB03D97}
	EndGlobalSection
EndGlobal
